// !$*UTF8*$!
{
	archiveVersion = 1;
	classes = {
	};
	objectVersion = 77;
	objects = {

/* Begin PBXContainerItemProxy section */
		85EB443E2E4C570C0067BA4C /* PBXContainerItemProxy */ = {
			isa = PBXContainerItemProxy;
			containerPortal = 85EB44282E4C570A0067BA4C /* Project object */;
			proxyType = 1;
			remoteGlobalIDString = 85EB442F2E4C570A0067BA4C;
			remoteInfo = HolaMundo;
		};
		85EB44482E4C570C0067BA4C /* PBXContainerItemProxy */ = {
			isa = PBXContainerItemProxy;
			containerPortal = 85EB44282E4C570A0067BA4C /* Project object */;
			proxyType = 1;
			remoteGlobalIDString = 85EB442F2E4C570A0067BA4C;
			remoteInfo = HolaMundo;
		};
/* End PBXContainerItemProxy section */

/* Begin PBXFileReference section */
		85EB44302E4C570A0067BA4C /* HolaMundo.app */ = {isa = PBXFileReference; explicitFileType = wrapper.application; includeInIndex = 0; path = HolaMundo.app; sourceTree = BUILT_PRODUCTS_DIR; };
		85EB443D2E4C570C0067BA4C /* HolaMundoTests.xctest */ = {isa = PBXFileReference; explicitFileType = wrapper.cfbundle; includeInIndex = 0; path = HolaMundoTests.xctest; sourceTree = BUILT_PRODUCTS_DIR; };
		85EB44472E4C570C0067BA4C /* HolaMundoUITests.xctest */ = {isa = PBXFileReference; explicitFileType = wrapper.cfbundle; includeInIndex = 0; path = HolaMundoUITests.xctest; sourceTree = BUILT_PRODUCTS_DIR; };
/* End PBXFileReference section */

/* Begin PBXFileSystemSynchronizedRootGroup section */
		85EB44322E4C570A0067BA4C /* HolaMundo */ = {
			isa = PBXFileSystemSynchronizedRootGroup;
			path = HolaMundo;
			sourceTree = "<group>";
		};
		85EB44402E4C570C0067BA4C /* HolaMundoTests */ = {
			isa = PBXFileSystemSynchronizedRootGroup;
			path = HolaMundoTests;
			sourceTree = "<group>";
		};
		85EB444A2E4C570C0067BA4C /* HolaMundoUITests */ = {
			isa = PBXFileSystemSynchronizedRootGroup;
			path = HolaMundoUITests;
			sourceTree = "<group>";
		};
/* End PBXFileSystemSynchronizedRootGroup section */

/* Begin PBXFrameworksBuildPhase section */
		85EB442D2E4C570A0067BA4C /* Frameworks */ = {
			isa = PBXFrameworksBuildPhase;
			buildActionMask = 2147483647;
			files = (
			);
			runOnlyForDeploymentPostprocessing = 0;
		};
		85EB443A2E4C570C0067BA4C /* Frameworks */ = {
			isa = PBXFrameworksBuildPhase;
			buildActionMask = 2147483647;
			files = (
			);
			runOnlyForDeploymentPostprocessing = 0;
		};
		85EB44442E4C570C0067BA4C /* Frameworks */ = {
			isa = PBXFrameworksBuildPhase;
			buildActionMask = 2147483647;
			files = (
			);
			runOnlyForDeploymentPostprocessing = 0;
		};
/* End PBXFrameworksBuildPhase section */

/* Begin PBXGroup section */
		85EB44272E4C570A0067BA4C = {
			isa = PBXGroup;
			children = (
				85EB44322E4C570A0067BA4C /* HolaMundo */,
				85EB44402E4C570C0067BA4C /* HolaMundoTests */,
				85EB444A2E4C570C0067BA4C /* HolaMundoUITests */,
				85EB44312E4C570A0067BA4C /* Products */,
			);
			sourceTree = "<group>";
		};
		85EB44312E4C570A0067BA4C /* Products */ = {
			isa = PBXGroup;
			children = (
				85EB44302E4C570A0067BA4C /* HolaMundo.app */,
				85EB443D2E4C570C0067BA4C /* HolaMundoTests.xctest */,
				85EB44472E4C570C0067BA4C /* HolaMundoUITests.xctest */,
			);
			name = Products;
			sourceTree = "<group>";
		};
/* End PBXGroup section */

/* Begin PBXNativeTarget section */
		85EB442F2E4C570A0067BA4C /* HolaMundo */ = {
			isa = PBXNativeTarget;
			buildConfigurationList = 85EB44512E4C570C0067BA4C /* Build configuration list for PBXNativeTarget "HolaMundo" */;
			buildPhases = (
				85EB442C2E4C570A0067BA4C /* Sources */,
				85EB442D2E4C570A0067BA4C /* Frameworks */,
				85EB442E2E4C570A0067BA4C /* Resources */,
			);
			buildRules = (
			);
			dependencies = (
			);
			fileSystemSynchronizedGroups = (
				85EB44322E4C570A0067BA4C /* HolaMundo */,
			);
			name = HolaMundo;
			packageProductDependencies = (
			);
			productName = HolaMundo;
			productReference = 85EB44302E4C570A0067BA4C /* HolaMundo.app */;
			productType = "com.apple.product-type.application";
		};
		85EB443C2E4C570C0067BA4C /* HolaMundoTests */ = {
			isa = PBXNativeTarget;
			buildConfigurationList = 85EB44542E4C570C0067BA4C /* Build configuration list for PBXNativeTarget "HolaMundoTests" */;
			buildPhases = (
				85EB44392E4C570C0067BA4C /* Sources */,
				85EB443A2E4C570C0067BA4C /* Frameworks */,
				85EB443B2E4C570C0067BA4C /* Resources */,
			);
			buildRules = (
			);
			dependencies = (
				85EB443F2E4C570C0067BA4C /* PBXTargetDependency */,
			);
			fileSystemSynchronizedGroups = (
				85EB44402E4C570C0067BA4C /* HolaMundoTests */,
			);
			name = HolaMundoTests;
			packageProductDependencies = (
			);
			productName = HolaMundoTests;
			productReference = 85EB443D2E4C570C0067BA4C /* HolaMundoTests.xctest */;
			productType = "com.apple.product-type.bundle.unit-test";
		};
		85EB44462E4C570C0067BA4C /* HolaMundoUITests */ = {
			isa = PBXNativeTarget;
			buildConfigurationList = 85EB44572E4C570C0067BA4C /* Build configuration list for PBXNativeTarget "HolaMundoUITests" */;
			buildPhases = (
				85EB44432E4C570C0067BA4C /* Sources */,
				85EB44442E4C570C0067BA4C /* Frameworks */,
				85EB44452E4C570C0067BA4C /* Resources */,
			);
			buildRules = (
			);
			dependencies = (
				85EB44492E4C570C0067BA4C /* PBXTargetDependency */,
			);
			fileSystemSynchronizedGroups = (
				85EB444A2E4C570C0067BA4C /* HolaMundoUITests */,
			);
			name = HolaMundoUITests;
			packageProductDependencies = (
			);
			productName = HolaMundoUITests;
			productReference = 85EB44472E4C570C0067BA4C /* HolaMundoUITests.xctest */;
			productType = "com.apple.product-type.bundle.ui-testing";
		};
/* End PBXNativeTarget section */

/* Begin PBXProject section */
		85EB44282E4C570A0067BA4C /* Project object */ = {
			isa = PBXProject;
			attributes = {
				BuildIndependentTargetsInParallel = 1;
				LastSwiftUpdateCheck = 1640;
				LastUpgradeCheck = 1640;
				TargetAttributes = {
					85EB442F2E4C570A0067BA4C = {
						CreatedOnToolsVersion = 16.4;
					};
					85EB443C2E4C570C0067BA4C = {
						CreatedOnToolsVersion = 16.4;
						TestTargetID = 85EB442F2E4C570A0067BA4C;
					};
					85EB44462E4C570C0067BA4C = {
						CreatedOnToolsVersion = 16.4;
						TestTargetID = 85EB442F2E4C570A0067BA4C;
					};
				};
			};
			buildConfigurationList = 85EB442B2E4C570A0067BA4C /* Build configuration list for PBXProject "HolaMundo" */;
			developmentRegion = en;
			hasScannedForEncodings = 0;
			knownRegions = (
				en,
				Base,
			);
			mainGroup = 85EB44272E4C570A0067BA4C;
			minimizedProjectReferenceProxies = 1;
			preferredProjectObjectVersion = 77;
			productRefGroup = 85EB44312E4C570A0067BA4C /* Products */;
			projectDirPath = "";
			projectRoot = "";
			targets = (
				85EB442F2E4C570A0067BA4C /* HolaMundo */,
				85EB443C2E4C570C0067BA4C /* HolaMundoTests */,
				85EB44462E4C570C0067BA4C /* HolaMundoUITests */,
			);
		};
/* End PBXProject section */

/* Begin PBXResourcesBuildPhase section */
		85EB442E2E4C570A0067BA4C /* Resources */ = {
			isa = PBXResourcesBuildPhase;
			buildActionMask = 2147483647;
			files = (
			);
			runOnlyForDeploymentPostprocessing = 0;
		};
		85EB443B2E4C570C0067BA4C /* Resources */ = {
			isa = PBXResourcesBuildPhase;
			buildActionMask = 2147483647;
			files = (
			);
			runOnlyForDeploymentPostprocessing = 0;
		};
		85EB44452E4C570C0067BA4C /* Resources */ = {
			isa = PBXResourcesBuildPhase;
			buildActionMask = 2147483647;
			files = (
			);
			runOnlyForDeploymentPostprocessing = 0;
		};
/* End PBXResourcesBuildPhase section */

/* Begin PBXSourcesBuildPhase section */
		85EB442C2E4C570A0067BA4C /* Sources */ = {
			isa = PBXSourcesBuildPhase;
			buildActionMask = 2147483647;
			files = (
			);
			runOnlyForDeploymentPostprocessing = 0;
		};
		85EB44392E4C570C0067BA4C /* Sources */ = {
			isa = PBXSourcesBuildPhase;
			buildActionMask = 2147483647;
			files = (
			);
			runOnlyForDeploymentPostprocessing = 0;
		};
		85EB44432E4C570C0067BA4C /* Sources */ = {
			isa = PBXSourcesBuildPhase;
			buildActionMask = 2147483647;
			files = (
			);
			runOnlyForDeploymentPostprocessing = 0;
		};
/* End PBXSourcesBuildPhase section */

/* Begin PBXTargetDependency section */
		85EB443F2E4C570C0067BA4C /* PBXTargetDependency */ = {
			isa = PBXTargetDependency;
			target = 85EB442F2E4C570A0067BA4C /* HolaMundo */;
			targetProxy = 85EB443E2E4C570C0067BA4C /* PBXContainerItemProxy */;
		};
		85EB44492E4C570C0067BA4C /* PBXTargetDependency */ = {
			isa = PBXTargetDependency;
			target = 85EB442F2E4C570A0067BA4C /* HolaMundo */;
			targetProxy = 85EB44482E4C570C0067BA4C /* PBXContainerItemProxy */;
		};
/* End PBXTargetDependency section */

/* Begin XCBuildConfiguration section */
		85EB444F2E4C570C0067BA4C /* Debug */ = {
			isa = XCBuildConfiguration;
			buildSettings = {
				ALWAYS_SEARCH_USER_PATHS = NO;
				ASSETCATALOG_COMPILER_GENERATE_SWIFT_ASSET_SYMBOL_EXTENSIONS = YES;
				CLANG_ANALYZER_NONNULL = YES;
				CLANG_ANALYZER_NUMBER_OBJECT_CONVERSION = YES_AGGRESSIVE;
				CLANG_CXX_LANGUAGE_STANDARD = "gnu++20";
				CLANG_ENABLE_MODULES = YES;
				CLANG_ENABLE_OBJC_ARC = YES;
				CLANG_ENABLE_OBJC_WEAK = YES;
				CLANG_WARN_BLOCK_CAPTURE_AUTORELEASING = YES;
				CLANG_WARN_BOOL_CONVERSION = YES;
				CLANG_WARN_COMMA = YES;
				CLANG_WARN_CONSTANT_CONVERSION = YES;
				CLANG_WARN_DEPRECATED_OBJC_IMPLEMENTATIONS = YES;
				CLANG_WARN_DIRECT_OBJC_ISA_USAGE = YES_ERROR;
				CLANG_WARN_DOCUMENTATION_COMMENTS = YES;
				CLANG_WARN_EMPTY_BODY = YES;
				CLANG_WARN_ENUM_CONVERSION = YES;
				CLANG_WARN_INFINITE_RECURSION = YES;
				CLANG_WARN_INT_CONVERSION = YES;
				CLANG_WARN_NON_LITERAL_NULL_CONVERSION = YES;
				CLANG_WARN_OBJC_IMPLICIT_RETAIN_SELF = YES;
				CLANG_WARN_OBJC_LITERAL_CONVERSION = YES;
				CLANG_WARN_OBJC_ROOT_CLASS = YES_ERROR;
				CLANG_WARN_QUOTED_INCLUDE_IN_FRAMEWORK_HEADER = YES;
				CLANG_WARN_RANGE_LOOP_ANALYSIS = YES;
				CLANG_WARN_STRICT_PROTOTYPES = YES;
				CLANG_WARN_SUSPICIOUS_MOVE = YES;
				CLANG_WARN_UNGUARDED_AVAILABILITY = YES_AGGRESSIVE;
				CLANG_WARN_UNREACHABLE_CODE = YES;
				CLANG_WARN__DUPLICATE_METHOD_MATCH = YES;
				COPY_PHASE_STRIP = NO;
				DEBUG_INFORMATION_FORMAT = dwarf;
				ENABLE_STRICT_OBJC_MSGSEND = YES;
				ENABLE_TESTABILITY = YES;
				ENABLE_USER_SCRIPT_SANDBOXING = YES;
				GCC_C_LANGUAGE_STANDARD = gnu17;
				GCC_DYNAMIC_NO_PIC = NO;
				GCC_NO_COMMON_BLOCKS = YES;
				GCC_OPTIMIZATION_LEVEL = 0;
				GCC_PREPROCESSOR_DEFINITIONS = (
					"DEBUG=1",
					"$(inherited)",
				);
				GCC_WARN_64_TO_32_BIT_CONVERSION = YES;
				GCC_WARN_ABOUT_RETURN_TYPE = YES_ERROR;
				GCC_WARN_UNDECLARED_SELECTOR = YES;
				GCC_WARN_UNINITIALIZED_AUTOS = YES_AGGRESSIVE;
				GCC_WARN_UNUSED_FUNCTION = YES;
				GCC_WARN_UNUSED_VARIABLE = YES;
				IPHONEOS_DEPLOYMENT_TARGET = 18.5;
				LOCALIZATION_PREFERS_STRING_CATALOGS = YES;
				MTL_ENABLE_DEBUG_INFO = INCLUDE_SOURCE;
				MTL_FAST_MATH = YES;
				ONLY_ACTIVE_ARCH = YES;
				SDKROOT = iphoneos;
				SWIFT_ACTIVE_COMPILATION_CONDITIONS = "DEBUG $(inherited)";
				SWIFT_OPTIMIZATION_LEVEL = "-Onone";
			};
			name = Debug;
		};
		85EB44502E4C570C0067BA4C /* Release */ = {
			isa = XCBuildConfiguration;
			buildSettings = {
				ALWAYS_SEARCH_USER_PATHS = NO;
				ASSETCATALOG_COMPILER_GENERATE_SWIFT_ASSET_SYMBOL_EXTENSIONS = YES;
				CLANG_ANALYZER_NONNULL = YES;
				CLANG_ANALYZER_NUMBER_OBJECT_CONVERSION = YES_AGGRESSIVE;
				CLANG_CXX_LANGUAGE_STANDARD = "gnu++20";
				CLANG_ENABLE_MODULES = YES;
				CLANG_ENABLE_OBJC_ARC = YES;
				CLANG_ENABLE_OBJC_WEAK = YES;
				CLANG_WARN_BLOCK_CAPTURE_AUTORELEASING = YES;
				CLANG_WARN_BOOL_CONVERSION = YES;
				CLANG_WARN_COMMA = YES;
				CLANG_WARN_CONSTANT_CONVERSION = YES;
				CLANG_WARN_DEPRECATED_OBJC_IMPLEMENTATIONS = YES;
				CLANG_WARN_DIRECT_OBJC_ISA_USAGE = YES_ERROR;
				CLANG_WARN_DOCUMENTATION_COMMENTS = YES;
				CLANG_WARN_EMPTY_BODY = YES;
				CLANG_WARN_ENUM_CONVERSION = YES;
				CLANG_WARN_INFINITE_RECURSION = YES;
				CLANG_WARN_INT_CONVERSION = YES;
				CLANG_WARN_NON_LITERAL_NULL_CONVERSION = YES;
				CLANG_WARN_OBJC_IMPLICIT_RETAIN_SELF = YES;
				CLANG_WARN_OBJC_LITERAL_CONVERSION = YES;
				CLANG_WARN_OBJC_ROOT_CLASS = YES_ERROR;
				CLANG_WARN_QUOTED_INCLUDE_IN_FRAMEWORK_HEADER = YES;
				CLANG_WARN_RANGE_LOOP_ANALYSIS = YES;
				CLANG_WARN_STRICT_PROTOTYPES = YES;
				CLANG_WARN_SUSPICIOUS_MOVE = YES;
				CLANG_WARN_UNGUARDED_AVAILABILITY = YES_AGGRESSIVE;
				CLANG_WARN_UNREACHABLE_CODE = YES;
				CLANG_WARN__DUPLICATE_METHOD_MATCH = YES;
				COPY_PHASE_STRIP = NO;
				DEBUG_INFORMATION_FORMAT = "dwarf-with-dsym";
				ENABLE_NS_ASSERTIONS = NO;
				ENABLE_STRICT_OBJC_MSGSEND = YES;
				ENABLE_USER_SCRIPT_SANDBOXING = YES;
				GCC_C_LANGUAGE_STANDARD = gnu17;
				GCC_NO_COMMON_BLOCKS = YES;
				GCC_WARN_64_TO_32_BIT_CONVERSION = YES;
				GCC_WARN_ABOUT_RETURN_TYPE = YES_ERROR;
				GCC_WARN_UNDECLARED_SELECTOR = YES;
				GCC_WARN_UNINITIALIZED_AUTOS = YES_AGGRESSIVE;
				GCC_WARN_UNUSED_FUNCTION = YES;
				GCC_WARN_UNUSED_VARIABLE = YES;
				IPHONEOS_DEPLOYMENT_TARGET = 18.5;
				LOCALIZATION_PREFERS_STRING_CATALOGS = YES;
				MTL_ENABLE_DEBUG_INFO = NO;
				MTL_FAST_MATH = YES;
				SDKROOT = iphoneos;
				SWIFT_COMPILATION_MODE = wholemodule;
				VALIDATE_PRODUCT = YES;
			};
			name = Release;
		};
		85EB44522E4C570C0067BA4C /* Debug */ = {
			isa = XCBuildConfiguration;
			buildSettings = {
				ASSETCATALOG_COMPILER_APPICON_NAME = AppIcon;
				ASSETCATALOG_COMPILER_GLOBAL_ACCENT_COLOR_NAME = AccentColor;
				CODE_SIGN_STYLE = Automatic;
				CURRENT_PROJECT_VERSION = 1;
				ENABLE_PREVIEWS = YES;
				GENERATE_INFOPLIST_FILE = YES;
				INFOPLIST_KEY_UIApplicationSceneManifest_Generation = YES;
				INFOPLIST_KEY_UIApplicationSupportsIndirectInputEvents = YES;
				INFOPLIST_KEY_UILaunchScreen_Generation = YES;
				INFOPLIST_KEY_UISupportedInterfaceOrientations_iPad = "UIInterfaceOrientationPortrait UIInterfaceOrientationPortraitUpsideDown UIInterfaceOrientationLandscapeLeft UIInterfaceOrientationLandscapeRight";
				INFOPLIST_KEY_UISupportedInterfaceOrientations_iPhone = "UIInterfaceOrientationPortrait UIInterfaceOrientationLandscapeLeft UIInterfaceOrientationLandscapeRight";
				LD_RUNPATH_SEARCH_PATHS = (
					"$(inherited)",
					"@executable_path/Frameworks",
				);
				MARKETING_VERSION = 1.0;
				PRODUCT_BUNDLE_IDENTIFIER = com.nabi.HolaMundo;
				PRODUCT_NAME = "$(TARGET_NAME)";
				SWIFT_EMIT_LOC_STRINGS = YES;
				SWIFT_VERSION = 5.0;
				TARGETED_DEVICE_FAMILY = "1,2";
			};
			name = Debug;
		};
		85EB44532E4C570C0067BA4C /* Release */ = {
			isa = XCBuildConfiguration;
			buildSettings = {
				ASSETCATALOG_COMPILER_APPICON_NAME = AppIcon;
				ASSETCATALOG_COMPILER_GLOBAL_ACCENT_COLOR_NAME = AccentColor;
				CODE_SIGN_STYLE = Automatic;
				CURRENT_PROJECT_VERSION = 1;
				ENABLE_PREVIEWS = YES;
				GENERATE_INFOPLIST_FILE = YES;
				INFOPLIST_KEY_UIApplicationSceneManifest_Generation = YES;
				INFOPLIST_KEY_UIApplicationSupportsIndirectInputEvents = YES;
				INFOPLIST_KEY_UILaunchScreen_Generation = YES;
				INFOPLIST_KEY_UISupportedInterfaceOrientations_iPad = "UIInterfaceOrientationPortrait UIInterfaceOrientationPortraitUpsideDown UIInterfaceOrientationLandscapeLeft UIInterfaceOrientationLandscapeRight";
				INFOPLIST_KEY_UISupportedInterfaceOrientations_iPhone = "UIInterfaceOrientationPortrait UIInterfaceOrientationLandscapeLeft UIInterfaceOrientationLandscapeRight";
				LD_RUNPATH_SEARCH_PATHS = (
					"$(inherited)",
					"@executable_path/Frameworks",
				);
				MARKETING_VERSION = 1.0;
				PRODUCT_BUNDLE_IDENTIFIER = com.nabi.HolaMundo;
				PRODUCT_NAME = "$(TARGET_NAME)";
				SWIFT_EMIT_LOC_STRINGS = YES;
				SWIFT_VERSION = 5.0;
				TARGETED_DEVICE_FAMILY = "1,2";
			};
			name = Release;
		};
		85EB44552E4C570C0067BA4C /* Debug */ = {
			isa = XCBuildConfiguration;
			buildSettings = {
				BUNDLE_LOADER = "$(TEST_HOST)";
				CODE_SIGN_STYLE = Automatic;
				CURRENT_PROJECT_VERSION = 1;
				GENERATE_INFOPLIST_FILE = YES;
				IPHONEOS_DEPLOYMENT_TARGET = 18.5;
				MARKETING_VERSION = 1.0;
				PRODUCT_BUNDLE_IDENTIFIER = com.nabi.HolaMundoTests;
				PRODUCT_NAME = "$(TARGET_NAME)";
				SWIFT_EMIT_LOC_STRINGS = NO;
				SWIFT_VERSION = 5.0;
				TARGETED_DEVICE_FAMILY = "1,2";
				TEST_HOST = "$(BUILT_PRODUCTS_DIR)/HolaMundo.app/$(BUNDLE_EXECUTABLE_FOLDER_PATH)/HolaMundo";
			};
			name = Debug;
		};
		85EB44562E4C570C0067BA4C /* Release */ = {
			isa = XCBuildConfiguration;
			buildSettings = {
				BUNDLE_LOADER = "$(TEST_HOST)";
				CODE_SIGN_STYLE = Automatic;
				CURRENT_PROJECT_VERSION = 1;
				GENERATE_INFOPLIST_FILE = YES;
				IPHONEOS_DEPLOYMENT_TARGET = 18.5;
				MARKETING_VERSION = 1.0;
				PRODUCT_BUNDLE_IDENTIFIER = com.nabi.HolaMundoTests;
				PRODUCT_NAME = "$(TARGET_NAME)";
				SWIFT_EMIT_LOC_STRINGS = NO;
				SWIFT_VERSION = 5.0;
				TARGETED_DEVICE_FAMILY = "1,2";
				TEST_HOST = "$(BUILT_PRODUCTS_DIR)/HolaMundo.app/$(BUNDLE_EXECUTABLE_FOLDER_PATH)/HolaMundo";
			};
			name = Release;
		};
		85EB44582E4C570C0067BA4C /* Debug */ = {
			isa = XCBuildConfiguration;
			buildSettings = {
				CODE_SIGN_STYLE = Automatic;
				CURRENT_PROJECT_VERSION = 1;
				GENERATE_INFOPLIST_FILE = YES;
				MARKETING_VERSION = 1.0;
				PRODUCT_BUNDLE_IDENTIFIER = com.nabi.HolaMundoUITests;
				PRODUCT_NAME = "$(TARGET_NAME)";
				SWIFT_EMIT_LOC_STRINGS = NO;
				SWIFT_VERSION = 5.0;
				TARGETED_DEVICE_FAMILY = "1,2";
				TEST_TARGET_NAME = HolaMundo;
			};
			name = Debug;
		};
		85EB44592E4C570C0067BA4C /* Release */ = {
			isa = XCBuildConfiguration;
			buildSettings = {
				CODE_SIGN_STYLE = Automatic;
				CURRENT_PROJECT_VERSION = 1;
				GENERATE_INFOPLIST_FILE = YES;
				MARKETING_VERSION = 1.0;
				PRODUCT_BUNDLE_IDENTIFIER = com.nabi.HolaMundoUITests;
				PRODUCT_NAME = "$(TARGET_NAME)";
				SWIFT_EMIT_LOC_STRINGS = NO;
				SWIFT_VERSION = 5.0;
				TARGETED_DEVICE_FAMILY = "1,2";
				TEST_TARGET_NAME = HolaMundo;
			};
			name = Release;
		};
/* End XCBuildConfiguration section */

/* Begin XCConfigurationList section */
		85EB442B2E4C570A0067BA4C /* Build configuration list for PBXProject "HolaMundo" */ = {
			isa = XCConfigurationList;
			buildConfigurations = (
				85EB444F2E4C570C0067BA4C /* Debug */,
				85EB44502E4C570C0067BA4C /* Release */,
			);
			defaultConfigurationIsVisible = 0;
			defaultConfigurationName = Release;
		};
		85EB44512E4C570C0067BA4C /* Build configuration list for PBXNativeTarget "HolaMundo" */ = {
			isa = XCConfigurationList;
			buildConfigurations = (
				85EB44522E4C570C0067BA4C /* Debug */,
				85EB44532E4C570C0067BA4C /* Release */,
			);
			defaultConfigurationIsVisible = 0;
			defaultConfigurationName = Release;
		};
		85EB44542E4C570C0067BA4C /* Build configuration list for PBXNativeTarget "HolaMundoTests" */ = {
			isa = XCConfigurationList;
			buildConfigurations = (
				85EB44552E4C570C0067BA4C /* Debug */,
				85EB44562E4C570C0067BA4C /* Release */,
			);
			defaultConfigurationIsVisible = 0;
			defaultConfigurationName = Release;
		};
		85EB44572E4C570C0067BA4C /* Build configuration list for PBXNativeTarget "HolaMundoUITests" */ = {
			isa = XCConfigurationList;
			buildConfigurations = (
				85EB44582E4C570C0067BA4C /* Debug */,
				85EB44592E4C570C0067BA4C /* Release */,
			);
			defaultConfigurationIsVisible = 0;
			defaultConfigurationName = Release;
		};
/* End XCConfigurationList section */
	};
	rootObject = 85EB44282E4C570A0067BA4C /* Project object */;
}
